
Microsoft Visual Studio Solution File, Format Version 12.00
# Visual Studio Version 17
VisualStudioVersion = 17.0.31903.59
MinimumVisualStudioVersion = 10.0.40219.1
Project("{2150E333-8FDC-42A3-9474-1A3956D46DE8}") = "src", "src", "{827E0CD3-B72D-47B6-A68D-7590B98EB39B}"
EndProject
Project("{FAE04EC0-301F-11D3-BF4B-00C04F79EFBC}") = "Meshwright.Geometry", "src\Meshwright.Geometry\Meshwright.Geometry.csproj", "{BC9CEE3A-8B6D-4C1C-84C6-70655E5A120E}"
EndProject
Project("{FAE04EC0-301F-11D3-BF4B-00C04F79EFBC}") = "Meshwright.IO", "src\Meshwright.IO\Meshwright.IO.csproj", "{FA4C440A-E5B8-41DF-8F4E-E03A99800171}"
EndProject
Project("{FAE04EC0-301F-11D3-BF4B-00C04F79EFBC}") = "Meshwright.Core", "src\Meshwright.Core\Meshwright.Core.csproj", "{4310551A-CFD8-478D-846A-DBB0E759D4A3}"
EndProject
Project("{FAE04EC0-301F-11D3-BF4B-00C04F79EFBC}") = "Meshwright.Rendering", "src\Meshwright.Rendering\Meshwright.Rendering.csproj", "{74F17534-7A04-42C3-8623-1F57AEB1D162}"
EndProject
Project("{FAE04EC0-301F-11D3-BF4B-00C04F79EFBC}") = "Meshwright.App", "src\Meshwright.App\Meshwright.App.csproj", "{2C0CE85D-CB14-42B8-B4A5-14B3D519B253}"
EndProject
Project("{2150E333-8FDC-42A3-9474-1A3956D46DE8}") = "tests", "tests", "{0AB3BF05-4346-4AA6-1389-037BE0695223}"
EndProject
Project("{FAE04EC0-301F-11D3-BF4B-00C04F79EFBC}") = "Meshwright.Tests", "tests\Meshwright.Tests\Meshwright.Tests.csproj", "{5CA246B4-65D1-479F-A497-5597F2914A27}"
EndProject
Global
	GlobalSection(SolutionConfigurationPlatforms) = preSolution
		Debug|Any CPU = Debug|Any CPU
		Debug|x64 = Debug|x64
		Debug|x86 = Debug|x86
		Release|Any CPU = Release|Any CPU
		Release|x64 = Release|x64
		Release|x86 = Release|x86
	EndGlobalSection
	GlobalSection(ProjectConfigurationPlatforms) = postSolution
		{BC9CEE3A-8B6D-4C1C-84C6-70655E5A120E}.Debug|Any CPU.ActiveCfg = Debug|Any CPU
		{BC9CEE3A-8B6D-4C1C-84C6-70655E5A120E}.Debug|Any CPU.Build.0 = Debug|Any CPU
		{BC9CEE3A-8B6D-4C1C-84C6-70655E5A120E}.Debug|x64.ActiveCfg = Debug|Any CPU
		{BC9CEE3A-8B6D-4C1C-84C6-70655E5A120E}.Debug|x64.Build.0 = Debug|Any CPU
		{BC9CEE3A-8B6D-4C1C-84C6-70655E5A120E}.Debug|x86.ActiveCfg = Debug|Any CPU
		{BC9CEE3A-8B6D-4C1C-84C6-70655E5A120E}.Debug|x86.Build.0 = Debug|Any CPU
		{BC9CEE3A-8B6D-4C1C-84C6-70655E5A120E}.Release|Any CPU.ActiveCfg = Release|Any CPU
		{BC9CEE3A-8B6D-4C1C-84C6-70655E5A120E}.Release|Any CPU.Build.0 = Release|Any CPU
		{BC9CEE3A-8B6D-4C1C-84C6-70655E5A120E}.Release|x64.ActiveCfg = Release|Any CPU
		{BC9CEE3A-8B6D-4C1C-84C6-70655E5A120E}.Release|x64.Build.0 = Release|Any CPU
		{BC9CEE3A-8B6D-4C1C-84C6-70655E5A120E}.Release|x86.ActiveCfg = Release|Any CPU
		{BC9CEE3A-8B6D-4C1C-84C6-70655E5A120E}.Release|x86.Build.0 = Release|Any CPU
		{FA4C440A-E5B8-41DF-8F4E-E03A99800171}.Debug|Any CPU.ActiveCfg = Debug|Any CPU
		{FA4C440A-E5B8-41DF-8F4E-E03A99800171}.Debug|Any CPU.Build.0 = Debug|Any CPU
		{FA4C440A-E5B8-41DF-8F4E-E03A99800171}.Debug|x64.ActiveCfg = Debug|Any CPU
		{FA4C440A-E5B8-41DF-8F4E-E03A99800171}.Debug|x64.Build.0 = Debug|Any CPU
		{FA4C440A-E5B8-41DF-8F4E-E03A99800171}.Debug|x86.ActiveCfg = Debug|Any CPU
		{FA4C440A-E5B8-41DF-8F4E-E03A99800171}.Debug|x86.Build.0 = Debug|Any CPU
		{FA4C440A-E5B8-41DF-8F4E-E03A99800171}.Release|Any CPU.ActiveCfg = Release|Any CPU
		{FA4C440A-E5B8-41DF-8F4E-E03A99800171}.Release|Any CPU.Build.0 = Release|Any CPU
		{FA4C440A-E5B8-41DF-8F4E-E03A99800171}.Release|x64.ActiveCfg = Release|Any CPU
		{FA4C440A-E5B8-41DF-8F4E-E03A99800171}.Release|x64.Build.0 = Release|Any CPU
		{FA4C440A-E5B8-41DF-8F4E-E03A99800171}.Release|x86.ActiveCfg = Release|Any CPU
		{FA4C440A-E5B8-41DF-8F4E-E03A99800171}.Release|x86.Build.0 = Release|Any CPU
		{4310551A-CFD8-478D-846A-DBB0E759D4A3}.Debug|Any CPU.ActiveCfg = Debug|Any CPU
		{4310551A-CFD8-478D-846A-DBB0E759D4A3}.Debug|Any CPU.Build.0 = Debug|Any CPU
		{4310551A-CFD8-478D-846A-DBB0E759D4A3}.Debug|x64.ActiveCfg = Debug|Any CPU
		{4310551A-CFD8-478D-846A-DBB0E759D4A3}.Debug|x64.Build.0 = Debug|Any CPU
		{4310551A-CFD8-478D-846A-DBB0E759D4A3}.Debug|x86.ActiveCfg = Debug|Any CPU
		{4310551A-CFD8-478D-846A-DBB0E759D4A3}.Debug|x86.Build.0 = Debug|Any CPU
		{4310551A-CFD8-478D-846A-DBB0E759D4A3}.Release|Any CPU.ActiveCfg = Release|Any CPU
		{4310551A-CFD8-478D-846A-DBB0E759D4A3}.Release|Any CPU.Build.0 = Release|Any CPU
		{4310551A-CFD8-478D-846A-DBB0E759D4A3}.Release|x64.ActiveCfg = Release|Any CPU
		{4310551A-CFD8-478D-846A-DBB0E759D4A3}.Release|x64.Build.0 = Release|Any CPU
		{4310551A-CFD8-478D-846A-DBB0E759D4A3}.Release|x86.ActiveCfg = Release|Any CPU
		{4310551A-CFD8-478D-846A-DBB0E759D4A3}.Release|x86.Build.0 = Release|Any CPU
		{74F17534-7A04-42C3-8623-1F57AEB1D162}.Debug|Any CPU.ActiveCfg = Debug|Any CPU
		{74F17534-7A04-42C3-8623-1F57AEB1D162}.Debug|Any CPU.Build.0 = Debug|Any CPU
		{74F17534-7A04-42C3-8623-1F57AEB1D162}.Debug|x64.ActiveCfg = Debug|Any CPU
		{74F17534-7A04-42C3-8623-1F57AEB1D162}.Debug|x64.Build.0 = Debug|Any CPU
		{74F17534-7A04-42C3-8623-1F57AEB1D162}.Debug|x86.ActiveCfg = Debug|Any CPU
		{74F17534-7A04-42C3-8623-1F57AEB1D162}.Debug|x86.Build.0 = Debug|Any CPU
		{74F17534-7A04-42C3-8623-1F57AEB1D162}.Release|Any CPU.ActiveCfg = Release|Any CPU
		{74F17534-7A04-42C3-8623-1F57AEB1D162}.Release|Any CPU.Build.0 = Release|Any CPU
		{74F17534-7A04-42C3-8623-1F57AEB1D162}.Release|x64.ActiveCfg = Release|Any CPU
		{74F17534-7A04-42C3-8623-1F57AEB1D162}.Release|x64.Build.0 = Release|Any CPU
		{74F17534-7A04-42C3-8623-1F57AEB1D162}.Release|x86.ActiveCfg = Release|Any CPU
		{74F17534-7A04-42C3-8623-1F57AEB1D162}.Release|x86.Build.0 = Release|Any CPU
		{2C0CE85D-CB14-42B8-B4A5-14B3D519B253}.Debug|Any CPU.ActiveCfg = Debug|Any CPU
		{2C0CE85D-CB14-42B8-B4A5-14B3D519B253}.Debug|Any CPU.Build.0 = Debug|Any CPU
		{2C0CE85D-CB14-42B8-B4A5-14B3D519B253}.Debug|x64.ActiveCfg = Debug|Any CPU
		{2C0CE85D-CB14-42B8-B4A5-14B3D519B253}.Debug|x64.Build.0 = Debug|Any CPU
		{2C0CE85D-CB14-42B8-B4A5-14B3D519B253}.Debug|x86.ActiveCfg = Debug|Any CPU
		{2C0CE85D-CB14-42B8-B4A5-14B3D519B253}.Debug|x86.Build.0 = Debug|Any CPU
		{2C0CE85D-CB14-42B8-B4A5-14B3D519B253}.Release|Any CPU.ActiveCfg = Release|Any CPU
		{2C0CE85D-CB14-42B8-B4A5-14B3D519B253}.Release|Any CPU.Build.0 = Release|Any CPU
		{2C0CE85D-CB14-42B8-B4A5-14B3D519B253}.Release|x64.ActiveCfg = Release|Any CPU
		{2C0CE85D-CB14-42B8-B4A5-14B3D519B253}.Release|x64.Build.0 = Release|Any CPU
		{2C0CE85D-CB14-42B8-B4A5-14B3D519B253}.Release|x86.ActiveCfg = Release|Any CPU
		{2C0CE85D-CB14-42B8-B4A5-14B3D519B253}.Release|x86.Build.0 = Release|Any CPU
		{5CA246B4-65D1-479F-A497-5597F2914A27}.Debug|Any CPU.ActiveCfg = Debug|Any CPU
		{5CA246B4-65D1-479F-A497-5597F2914A27}.Debug|Any CPU.Build.0 = Debug|Any CPU
		{5CA246B4-65D1-479F-A497-5597F2914A27}.Debug|x64.ActiveCfg = Debug|Any CPU
		{5CA246B4-65D1-479F-A497-5597F2914A27}.Debug|x64.Build.0 = Debug|Any CPU
		{5CA246B4-65D1-479F-A497-5597F2914A27}.Debug|x86.ActiveCfg = Debug|Any CPU
		{5CA246B4-65D1-479F-A497-5597F2914A27}.Debug|x86.Build.0 = Debug|Any CPU
		{5CA246B4-65D1-479F-A497-5597F2914A27}.Release|Any CPU.ActiveCfg = Release|Any CPU
		{5CA246B4-65D1-479F-A497-5597F2914A27}.Release|Any CPU.Build.0 = Release|Any CPU
		{5CA246B4-65D1-479F-A497-5597F2914A27}.Release|x64.ActiveCfg = Release|Any CPU
		{5CA246B4-65D1-479F-A497-5597F2914A27}.Release|x64.Build.0 = Release|Any CPU
		{5CA246B4-65D1-479F-A497-5597F2914A27}.Release|x86.ActiveCfg = Release|Any CPU
		{5CA246B4-65D1-479F-A497-5597F2914A27}.Release|x86.Build.0 = Release|Any CPU
	EndGlobalSection
	GlobalSection(SolutionProperties) = preSolution
		HideSolutionNode = FALSE
	EndGlobalSection
	GlobalSection(NestedProjects) = preSolution
		{BC9CEE3A-8B6D-4C1C-84C6-70655E5A120E} = {827E0CD3-B72D-47B6-A68D-7590B98EB39B}
		{FA4C440A-E5B8-41DF-8F4E-E03A99800171} = {827E0CD3-B72D-47B6-A68D-7590B98EB39B}
		{4310551A-CFD8-478D-846A-DBB0E759D4A3} = {827E0CD3-B72D-47B6-A68D-7590B98EB39B}
		{74F17534-7A04-42C3-8623-1F57AEB1D162} = {827E0CD3-B72D-47B6-A68D-7590B98EB39B}
		{2C0CE85D-CB14-42B8-B4A5-14B3D519B253} = {827E0CD3-B72D-47B6-A68D-7590B98EB39B}
		{5CA246B4-65D1-479F-A497-5597F2914A27} = {0AB3BF05-4346-4AA6-1389-037BE0695223}
	EndGlobalSection
EndGlobal
